
Microsoft Visual Studio Solution File, Format Version 12.00
# Visual Studio Version 17
VisualStudioVersion = 17.5.33424.131
MinimumVisualStudioVersion = 10.0.40219.1
Project("{FAE04EC0-301F-11D3-BF4B-00C04F79EFBC}") = "SingletonPractice", "SingletonPractice\SingletonPractice.csproj", "{03151C92-17C8-46BD-9CBB-D1AF61794B59}"
EndProject
Global
	GlobalSection(SolutionConfigurationPlatforms) = preSolution
		Debug|Any CPU = Debug|Any CPU
		Release|Any CPU = Release|Any CPU
	EndGlobalSection
	GlobalSection(ProjectConfigurationPlatforms) = postSolution
		{03151C92-17C8-46BD-9CBB-D1AF61794B59}.Debug|Any CPU.ActiveCfg = Debug|Any CPU
		{03151C92-17C8-46BD-9CBB-D1AF61794B59}.Debug|Any CPU.Build.0 = Debug|Any CPU
		{03151C92-17C8-46BD-9CBB-D1AF61794B59}.Release|Any CPU.ActiveCfg = Release|Any CPU
		{03151C92-17C8-46BD-9CBB-D1AF61794B59}.Release|Any CPU.Build.0 = Release|Any CPU
	EndGlobalSection
	GlobalSection(SolutionProperties) = preSolution
		HideSolutionNode = FALSE
	EndGlobalSection
	GlobalSection(ExtensibilityGlobals) = postSolution
		SolutionGuid = {5F030919-CEE2-418E-9554-DA0DBEBDFE8F}
	EndGlobalSection
EndGlobal
